PODS:
  - Alamofire (5.2.1)
  - Async (0.2.0)
  - DynamicMobileVLCKit (3.3.13)
  - flussonic-watcher-sdk-ios (2.3.1):
    - Async
    - DynamicMobileVLCKit (~> 3.3)
    - Moya/RxSwift (~> 14.0)
    - RxCocoa (~> 5.0)
    - RxSwift (~> 5.0)
    - SwiftyXMLParser
    - TrueTime (~> 5.0)
  - IQKeyboardManager (6.5.5)
  - Moya/Core (14.0.0):
    - Alamofire (~> 5.0)
  - Moya/RxSwift (14.0.0):
    - Moya/Core
    - RxSwift (~> 5.0)
  - ObjectMapper (3.5.1)
  - RxCocoa (5.1.1):
    - RxRelay (~> 5)
    - RxSwift (~> 5)
  - RxRelay (5.1.1):
    - RxSwift (~> 5)
  - RxSwift (5.1.1)
  - SwiftyJSON (5.0.0)
  - SwiftyXMLParser (5.0.0)
  - TrueTime (5.0.3)

DEPENDENCIES:
  - "DynamicMobileVLCKit (from `{:http=>\"https://flussonic-watcher-mobile-sdk.s3.eu-central-1.amazonaws.com/ios/DynamicMobileVLCKit/release/3.3.13/DynamicMobileVLCKit.zip\"}`)"
  - "flussonic-watcher-sdk-ios (from `{:http=>\"https://flussonic-watcher-mobile-sdk.s3.eu-central-1.amazonaws.com/ios/watcher-sdk/release/2.3.1/FlussonicSDK.zip\"}`)"
  - IQKeyboardManager
  - ObjectMapper
  - SwiftyJSON

SPEC REPOS:
  trunk:
    - Alamofire
    - Async
    - IQKeyboardManager
    - Moya
    - ObjectMapper
    - RxCocoa
    - RxRelay
    - RxSwift
    - SwiftyJSON
    - SwiftyXMLParser
    - TrueTime

EXTERNAL SOURCES:
  DynamicMobileVLCKit:
    :http: https://flussonic-watcher-mobile-sdk.s3.eu-central-1.amazonaws.com/ios/DynamicMobileVLCKit/release/3.3.13/DynamicMobileVLCKit.zip
  flussonic-watcher-sdk-ios:
    :http: https://flussonic-watcher-mobile-sdk.s3.eu-central-1.amazonaws.com/ios/watcher-sdk/release/2.3.1/FlussonicSDK.zip

CHECKOUT OPTIONS:
  DynamicMobileVLCKit:
    :http: https://flussonic-watcher-mobile-sdk.s3.eu-central-1.amazonaws.com/ios/DynamicMobileVLCKit/release/3.3.13/DynamicMobileVLCKit.zip
  flussonic-watcher-sdk-ios:
    :http: https://flussonic-watcher-mobile-sdk.s3.eu-central-1.amazonaws.com/ios/watcher-sdk/release/2.3.1/FlussonicSDK.zip

SPEC CHECKSUMS:
  Alamofire: e911732990610fe89af59ac0077f923d72dc3dfd
  Async: d80205f1a1b4eea24de8ddc62cf5197ff3025330
  DynamicMobileVLCKit: 59202100083620330a0d439a61a90261851e794a
  flussonic-watcher-sdk-ios: 5448b24182f8e6002279a1e3fb458b3f1e5612d0
  IQKeyboardManager: 3a8b9e603f8b0eeaf5f096a1f2b2cfcf121992ef
  Moya: 5b45dacb75adb009f97fde91c204c1e565d31916
  ObjectMapper: 70187b8941977c62ccfb423caf6b50be405cabf0
  RxCocoa: 32065309a38d29b5b0db858819b5bf9ef038b601
  RxRelay: d77f7d771495f43c556cbc43eebd1bb54d01e8e9
  RxSwift: 81470a2074fa8780320ea5fe4102807cb7118178
  SwiftyJSON: 36413e04c44ee145039d332b4f4e2d3e8d6c4db7
  SwiftyXMLParser: 5ebb8793192f403fa8cc691045143906122a7a75
  TrueTime: b49551ffafb28a9dee04e51b226f42a416010842

PODFILE CHECKSUM: af7275b4cc7ae81712aedcff4b5a00cf0b6adaa0

COCOAPODS: 1.9.3
