PODS:
  - Alamofire (4.9.1)
  - Async (0.2.0)
  - DynamicMobileVLCKit (3.3.0)
  - flussonic-watcher-sdk-ios (1.5.3):
    - Async
    - DynamicMobileVLCKit (~> 3.3)
    - Moya/RxSwift (~> 13.0.0)
    - RxCocoa
    - SwiftyXMLParser
    - TrueTime (~> 5.0)
  - IQKeyboardManager (6.4.0)
  - Moya/Core (13.0.1):
    - Alamofire (~> 4.1)
    - Result (~> 4.1)
  - Moya/RxSwift (13.0.1):
    - Moya/Core
    - RxSwift (~> 4.0)
  - ObjectMapper (3.5.1)
  - Result (4.1.0)
  - RxCocoa (4.5.0):
    - RxSwift (>= 4.4.2, ~> 4.4)
  - RxSwift (4.5.0)
  - SwiftyJSON (5.0.0)
  - SwiftyXMLParser (5.0.0)
  - TrueTime (5.0.3)

DEPENDENCIES:
  - DynamicMobileVLCKit (from `https://github.com/flussonic/DynamicMobileVLCKit.git`, tag `3.3.0`)
  - flussonic-watcher-sdk-ios (from `https://github.com/flussonic/flussonic-watcher-sdk-ios.git`, tag `1.5.3`)
  - IQKeyboardManager
  - ObjectMapper
  - SwiftyJSON
  - TrueTime (~> 5.0.0)

SPEC REPOS:
  https://github.com/CocoaPods/Specs.git:
    - IQKeyboardManager
    - ObjectMapper
    - SwiftyJSON
  trunk:
    - Alamofire
    - Async
    - Moya
    - Result
    - RxCocoa
    - RxSwift
    - SwiftyXMLParser
    - TrueTime

EXTERNAL SOURCES:
  DynamicMobileVLCKit:
    :git: https://github.com/flussonic/DynamicMobileVLCKit.git
    :tag: 3.3.0
  flussonic-watcher-sdk-ios:
    :git: https://github.com/flussonic/flussonic-watcher-sdk-ios.git
    :tag: 1.5.3

CHECKOUT OPTIONS:
  DynamicMobileVLCKit:
    :git: https://github.com/flussonic/DynamicMobileVLCKit.git
    :tag: 3.3.0
  flussonic-watcher-sdk-ios:
    :git: https://github.com/flussonic/flussonic-watcher-sdk-ios.git
    :tag: 1.5.3

SPEC CHECKSUMS:
  Alamofire: 85e8a02c69d6020a0d734f6054870d7ecb75cf18
  Async: d80205f1a1b4eea24de8ddc62cf5197ff3025330
  DynamicMobileVLCKit: c53a1dc364edf87a5a3a5c1f503501fe4bd58dc5
  flussonic-watcher-sdk-ios: e12e22785dda3a7d314d327058360435941bf361
  IQKeyboardManager: fcef267266379c003181fc3592f6bdb8bf4db839
  Moya: f4a4b80ff2f8a4ffc208dfb31cd91636622fee6e
  ObjectMapper: 70187b8941977c62ccfb423caf6b50be405cabf0
  Result: bd966fac789cc6c1563440b348ab2598cc24d5c7
  RxCocoa: cbf70265dc65a981d4ac982e513c10cf23df24a0
  RxSwift: f172070dfd1a93d70a9ab97a5a01166206e1c575
  SwiftyJSON: 36413e04c44ee145039d332b4f4e2d3e8d6c4db7
  SwiftyXMLParser: 5ebb8793192f403fa8cc691045143906122a7a75
  TrueTime: b49551ffafb28a9dee04e51b226f42a416010842

PODFILE CHECKSUM: e93a00589d8367cf31861fbccbfb3d8bacda1248

COCOAPODS: 1.8.4
