PODS:
  - Alamofire (5.6.1)
  - Async (0.2.0)
  - DynamicMobileVLCKit (3.3.13)
  - flussonic-watcher-sdk-ios (2.9.1):
    - Async
    - DynamicMobileVLCKit (~> 3.3)
    - Moya/RxSwift (~> 15.0)
    - Punycode (~> 2.1)
    - RxCocoa (~> 6.0)
    - RxSwift (~> 6.0)
    - SwiftyXMLParser
    - TrueTime (~> 5.0)
  - Moya/Core (15.0.0):
    - Alamofire (~> 5.0)
  - Moya/RxSwift (15.0.0):
    - Moya/Core
    - RxSwift (~> 6.0)
  - Punycode (2.1.0)
  - RxCocoa (6.5.0):
    - RxRelay (= 6.5.0)
    - RxSwift (= 6.5.0)
  - RxRelay (6.5.0):
    - RxSwift (= 6.5.0)
  - RxSwift (6.5.0)
  - SwiftyXMLParser (5.6.0)
  - TrueTime (5.0.3)

DEPENDENCIES:
  - "DynamicMobileVLCKit (from `{:http=>\"https://flussonic-watcher-mobile-sdk.s3.eu-central-1.amazonaws.com/ios/DynamicMobileVLCKit/release/3.3.13/DynamicMobileVLCKit.zip\"}`)"
  - "flussonic-watcher-sdk-ios (from `{:http=>\"https://flussonic-watcher-mobile-sdk.s3.eu-central-1.amazonaws.com/ios/watcher-sdk/release/2.7.1/FlussonicSDK.zip\"}`)"

SPEC REPOS:
  trunk:
    - Alamofire
    - Async
    - Moya
    - Punycode
    - RxCocoa
    - RxRelay
    - RxSwift
    - SwiftyXMLParser
    - TrueTime

EXTERNAL SOURCES:
  DynamicMobileVLCKit:
    :http: https://flussonic-watcher-mobile-sdk.s3.eu-central-1.amazonaws.com/ios/DynamicMobileVLCKit/release/3.3.13/DynamicMobileVLCKit.zip
  flussonic-watcher-sdk-ios:
    :http: https://flussonic-watcher-mobile-sdk.s3.eu-central-1.amazonaws.com/ios/watcher-sdk/release/2.7.1/FlussonicSDK.zip

CHECKOUT OPTIONS:
  DynamicMobileVLCKit:
    :http: https://flussonic-watcher-mobile-sdk.s3.eu-central-1.amazonaws.com/ios/DynamicMobileVLCKit/release/3.3.13/DynamicMobileVLCKit.zip
  flussonic-watcher-sdk-ios:
    :http: https://flussonic-watcher-mobile-sdk.s3.eu-central-1.amazonaws.com/ios/watcher-sdk/release/2.7.1/FlussonicSDK.zip

SPEC CHECKSUMS:
  Alamofire: 87bd8c952f9a4454320fce00d9cc3de57bcadaf5
  Async: d80205f1a1b4eea24de8ddc62cf5197ff3025330
  DynamicMobileVLCKit: 59202100083620330a0d439a61a90261851e794a
  flussonic-watcher-sdk-ios: 4010fd9aee9bacf663a42c5c0eecb8de3d38bb49
  Moya: 138f0573e53411fb3dc17016add0b748dfbd78ee
  Punycode: efcc033c34024be90475b2b4fc74cbb8e9bc0b1e
  RxCocoa: 94f817b71c07517321eb4f9ad299112ca8af743b
  RxRelay: 1de1523e604c72b6c68feadedd1af3b1b4d0ecbd
  RxSwift: 5710a9e6b17f3c3d6e40d6e559b9fa1e813b2ef8
  SwiftyXMLParser: 9b98995235961881322015ebe38d1f3d7c953bd7
  TrueTime: b49551ffafb28a9dee04e51b226f42a416010842

PODFILE CHECKSUM: 7cfe52ec1c2161f5c09bcaa325c9a777575174b0

COCOAPODS: 1.11.3
