PODS:
  - Alamofire (5.6.1)
  - Async (0.2.0)
  - DynamicMobileVLCKit (3.3.13)
  - flussonic-watcher-sdk-ios (2.7.1):
    - Async
    - DynamicMobileVLCKit (~> 3.3)
    - Moya/RxSwift (~> 14.0)
    - RxCocoa (~> 5.0)
    - RxSwift (~> 5.0)
    - SwiftyXMLParser
    - TrueTime (~> 5.0)
  - Moya/Core (14.0.0):
    - Alamofire (~> 5.0)
  - Moya/RxSwift (14.0.0):
    - Moya/Core
    - RxSwift (~> 5.0)
  - RxCocoa (5.1.3):
    - RxRelay (~> 5)
    - RxSwift (~> 5)
  - RxRelay (5.1.3):
    - RxSwift (~> 5)
  - RxSwift (5.1.3)
  - SwiftyXMLParser (5.6.0)
  - TrueTime (5.0.3)

DEPENDENCIES:
  - "DynamicMobileVLCKit (from `{:http=>\"https://flussonic-watcher-mobile-sdk.s3.eu-central-1.amazonaws.com/ios/DynamicMobileVLCKit/release/3.3.13/DynamicMobileVLCKit.zip\"}`)"
  - "flussonic-watcher-sdk-ios (from `{:http=>\"https://flussonic-watcher-mobile-sdk.s3.eu-central-1.amazonaws.com/ios/watcher-sdk/release/2.7.1/FlussonicSDK.zip\"}`)"

SPEC REPOS:
  trunk:
    - Alamofire
    - Async
    - Moya
    - RxCocoa
    - RxRelay
    - RxSwift
    - SwiftyXMLParser
    - TrueTime

EXTERNAL SOURCES:
  DynamicMobileVLCKit:
    :http: https://flussonic-watcher-mobile-sdk.s3.eu-central-1.amazonaws.com/ios/DynamicMobileVLCKit/release/3.3.13/DynamicMobileVLCKit.zip
  flussonic-watcher-sdk-ios:
    :http: https://flussonic-watcher-mobile-sdk.s3.eu-central-1.amazonaws.com/ios/watcher-sdk/release/2.7.1/FlussonicSDK.zip

CHECKOUT OPTIONS:
  DynamicMobileVLCKit:
    :http: https://flussonic-watcher-mobile-sdk.s3.eu-central-1.amazonaws.com/ios/DynamicMobileVLCKit/release/3.3.13/DynamicMobileVLCKit.zip
  flussonic-watcher-sdk-ios:
    :http: https://flussonic-watcher-mobile-sdk.s3.eu-central-1.amazonaws.com/ios/watcher-sdk/release/2.7.1/FlussonicSDK.zip

SPEC CHECKSUMS:
  Alamofire: 87bd8c952f9a4454320fce00d9cc3de57bcadaf5
  Async: d80205f1a1b4eea24de8ddc62cf5197ff3025330
  DynamicMobileVLCKit: 59202100083620330a0d439a61a90261851e794a
  flussonic-watcher-sdk-ios: 303f0c69947de5a495e688367c1e339a522019be
  Moya: 5b45dacb75adb009f97fde91c204c1e565d31916
  RxCocoa: e2ed092d5432e4296aa818021d27de4090ac0354
  RxRelay: 5a18c2eb2d68326ebaf0112f80d837ae41b92b97
  RxSwift: 915abbdfb62214aa89ccd0b194d44fb478019b27
  SwiftyXMLParser: 9b98995235961881322015ebe38d1f3d7c953bd7
  TrueTime: b49551ffafb28a9dee04e51b226f42a416010842

PODFILE CHECKSUM: 91d8967111fe8c5798c69a89ef89c7c6426e1e7d

COCOAPODS: 1.11.3
